
Microsoft Visual Studio Solution File, Format Version 12.00
# Visual Studio Version 17
VisualStudioVersion = 17.1.32421.90
MinimumVisualStudioVersion = 10.0.40219.1
Project("{FAE04EC0-301F-11D3-BF4B-00C04F79EFBC}") = "gamemenu", "gamemenu\gamemenu.csproj", "{BB3829CD-EB05-41C8-A968-1DCBB02B9038}"
EndProject
Project("{FAE04EC0-301F-11D3-BF4B-00C04F79EFBC}") = "Balloon pop arcade game MOO ICT", "..\..\..\..\c# form games\onion\Balloon-Pop-Arcade-Game-in-Windows-Form-main\Balloon-Pop-Arcade-Game-in-Windows-Form-main\Balloon pop arcade game MOO ICT\Balloon pop arcade game MOO ICT.csproj", "{B2F64FD6-C47F-4A25-B748-C79F49E7C415}"
EndProject
Project("{FAE04EC0-301F-11D3-BF4B-00C04F79EFBC}") = "Flappy Bird Windows Form", "..\..\..\..\c# form games\onion\C-Flappy-Bird-Game-Windows-Form-main\Flappy Bird Windows Form\Flappy Bird Windows Form\Flappy Bird Windows Form.csproj", "{050C9ABB-A0D1-4404-A4B3-1620AE98F8CD}"
EndProject
Project("{FAE04EC0-301F-11D3-BF4B-00C04F79EFBC}") = "Fighter Jet Shooting Game MOO ICT", "..\..\..\..\c# form games\onion\Jet-fighter-shooter-game-in-windows-form-main\Fighter Jet Shooting Game MOO ICT\Fighter Jet Shooting Game MOO ICT.csproj", "{AADC921E-1CF3-4E0C-887F-FA4F55BC573C}"
EndProject
Project("{FAE04EC0-301F-11D3-BF4B-00C04F79EFBC}") = "Car Racing Game MOO ICT", "..\..\..\..\c# form games\onion\Top-Down-Car-Racing-game-in-windows-form-main\Car Racing Game MOO ICT\Car Racing Game MOO ICT.csproj", "{8B6FBAF2-24BD-48DB-BE0C-B2286FB44BAB}"
EndProject
Global
	GlobalSection(SolutionConfigurationPlatforms) = preSolution
		Debug|Any CPU = Debug|Any CPU
		Release|Any CPU = Release|Any CPU
	EndGlobalSection
	GlobalSection(ProjectConfigurationPlatforms) = postSolution
		{BB3829CD-EB05-41C8-A968-1DCBB02B9038}.Debug|Any CPU.ActiveCfg = Debug|Any CPU
		{BB3829CD-EB05-41C8-A968-1DCBB02B9038}.Debug|Any CPU.Build.0 = Debug|Any CPU
		{BB3829CD-EB05-41C8-A968-1DCBB02B9038}.Release|Any CPU.ActiveCfg = Release|Any CPU
		{BB3829CD-EB05-41C8-A968-1DCBB02B9038}.Release|Any CPU.Build.0 = Release|Any CPU
		{B2F64FD6-C47F-4A25-B748-C79F49E7C415}.Debug|Any CPU.ActiveCfg = Debug|Any CPU
		{B2F64FD6-C47F-4A25-B748-C79F49E7C415}.Debug|Any CPU.Build.0 = Debug|Any CPU
		{B2F64FD6-C47F-4A25-B748-C79F49E7C415}.Release|Any CPU.ActiveCfg = Release|Any CPU
		{B2F64FD6-C47F-4A25-B748-C79F49E7C415}.Release|Any CPU.Build.0 = Release|Any CPU
		{050C9ABB-A0D1-4404-A4B3-1620AE98F8CD}.Debug|Any CPU.ActiveCfg = Debug|Any CPU
		{050C9ABB-A0D1-4404-A4B3-1620AE98F8CD}.Debug|Any CPU.Build.0 = Debug|Any CPU
		{050C9ABB-A0D1-4404-A4B3-1620AE98F8CD}.Release|Any CPU.ActiveCfg = Release|Any CPU
		{050C9ABB-A0D1-4404-A4B3-1620AE98F8CD}.Release|Any CPU.Build.0 = Release|Any CPU
		{AADC921E-1CF3-4E0C-887F-FA4F55BC573C}.Debug|Any CPU.ActiveCfg = Debug|Any CPU
		{AADC921E-1CF3-4E0C-887F-FA4F55BC573C}.Debug|Any CPU.Build.0 = Debug|Any CPU
		{AADC921E-1CF3-4E0C-887F-FA4F55BC573C}.Release|Any CPU.ActiveCfg = Release|Any CPU
		{AADC921E-1CF3-4E0C-887F-FA4F55BC573C}.Release|Any CPU.Build.0 = Release|Any CPU
		{8B6FBAF2-24BD-48DB-BE0C-B2286FB44BAB}.Debug|Any CPU.ActiveCfg = Debug|Any CPU
		{8B6FBAF2-24BD-48DB-BE0C-B2286FB44BAB}.Debug|Any CPU.Build.0 = Debug|Any CPU
		{8B6FBAF2-24BD-48DB-BE0C-B2286FB44BAB}.Release|Any CPU.ActiveCfg = Release|Any CPU
		{8B6FBAF2-24BD-48DB-BE0C-B2286FB44BAB}.Release|Any CPU.Build.0 = Release|Any CPU
	EndGlobalSection
	GlobalSection(SolutionProperties) = preSolution
		HideSolutionNode = FALSE
	EndGlobalSection
	GlobalSection(ExtensibilityGlobals) = postSolution
		SolutionGuid = {CEE27E35-8630-4DE4-A522-73A80257E408}
	EndGlobalSection
EndGlobal
